
Microsoft Visual Studio Solution File, Format Version 12.00
# Visual Studio 15
VisualStudioVersion = 15.0.27703.2000
MinimumVisualStudioVersion = 10.0.40219.1
Project("{FAE04EC0-301F-11D3-BF4B-00C04F79EFBC}") = "SS.HealthApp.PCL", "SS.HealthApp.PCL\SS.HealthApp.PCL.csproj", "{980C25D6-4BD9-4366-8EBF-54D6E79D276E}"
EndProject
Project("{FAE04EC0-301F-11D3-BF4B-00C04F79EFBC}") = "SS.HealthApp.Android", "SS.HealthApp.Android\SS.HealthApp.Android.csproj", "{38D8FFF1-39A2-4033-9C8B-2BC2B6CC77DD}"
EndProject
Project("{FAE04EC0-301F-11D3-BF4B-00C04F79EFBC}") = "SS.HealthApp.Core", "SS.HealthApp.Core\SS.HealthApp.Core.csproj", "{A5A83B0F-4D53-41CC-89D1-54BC835CAEAF}"
EndProject
Project("{FAE04EC0-301F-11D3-BF4B-00C04F79EFBC}") = "SS.HealthApp.Services", "SS.HealthApp.Services\SS.HealthApp.Services.csproj", "{B457B402-3456-4CFE-B819-A130ED656C45}"
EndProject
Project("{FAE04EC0-301F-11D3-BF4B-00C04F79EFBC}") = "SS.HealthApp.ClientConnector", "SS.HealthApp.ClientConnector\SS.HealthApp.ClientConnector.csproj", "{1FE2BFF6-CE34-4774-BE63-E5FD375F1597}"
EndProject
Project("{FAE04EC0-301F-11D3-BF4B-00C04F79EFBC}") = "SS.HealthApp.ClientConnector.Local", "SS.HealthApp.ClientConnector.Local\SS.HealthApp.ClientConnector.Local.csproj", "{600B4AD2-BDA0-4256-9002-59B91508FF4E}"
EndProject
Project("{FAE04EC0-301F-11D3-BF4B-00C04F79EFBC}") = "SS.HealthApp.ClientConnector.SAMS", "SS.HealthApp.ClientConnector.SAMS\SS.HealthApp.ClientConnector.SAMS.csproj", "{3C5F4912-DAE8-47D1-A474-927E57E4386A}"
EndProject
Project("{FAE04EC0-301F-11D3-BF4B-00C04F79EFBC}") = "SS.HealthApp.Tests", "SS.HealthApp.Test\SS.HealthApp.Tests.csproj", "{933A30C0-E4C3-427F-8B99-C7411D9B129D}"
EndProject
Project("{FAE04EC0-301F-11D3-BF4B-00C04F79EFBC}") = "SS.HealthApp.Model", "SS.HealthApp.Model\SS.HealthApp.Model.csproj", "{8F093C79-E5A1-4D50-8812-B282B72680C9}"
EndProject
Project("{00D1A9C2-B5F0-4AF3-8072-F6C62B433612}") = "SS.HealthApp.BD", "SS.HealthApp.BD\SS.HealthApp.BD.sqlproj", "{FCB3DC23-C690-46B4-A840-78C2707146F3}"
EndProject
Project("{FAE04EC0-301F-11D3-BF4B-00C04F79EFBC}") = "SS.HealthApp.iOS", "SS.HealthApp.iOS\SS.HealthApp.iOS.csproj", "{B6BB8055-8CF9-4125-BBC4-42EEFDBA2748}"
EndProject
Global
	GlobalSection(SolutionConfigurationPlatforms) = preSolution
		Ad-Hoc|Any CPU = Ad-Hoc|Any CPU
		Ad-Hoc|ARM = Ad-Hoc|ARM
		Ad-Hoc|iPhone = Ad-Hoc|iPhone
		Ad-Hoc|iPhoneSimulator = Ad-Hoc|iPhoneSimulator
		Ad-Hoc|x86 = Ad-Hoc|x86
		AppStore|Any CPU = AppStore|Any CPU
		AppStore|ARM = AppStore|ARM
		AppStore|iPhone = AppStore|iPhone
		AppStore|iPhoneSimulator = AppStore|iPhoneSimulator
		AppStore|x86 = AppStore|x86
		Debug|Any CPU = Debug|Any CPU
		Debug|ARM = Debug|ARM
		Debug|iPhone = Debug|iPhone
		Debug|iPhoneSimulator = Debug|iPhoneSimulator
		Debug|x86 = Debug|x86
		Release|Any CPU = Release|Any CPU
		Release|ARM = Release|ARM
		Release|iPhone = Release|iPhone
		Release|iPhoneSimulator = Release|iPhoneSimulator
		Release|x86 = Release|x86
	EndGlobalSection
	GlobalSection(ProjectConfigurationPlatforms) = postSolution
		{980C25D6-4BD9-4366-8EBF-54D6E79D276E}.Ad-Hoc|Any CPU.ActiveCfg = Release|Any CPU
		{980C25D6-4BD9-4366-8EBF-54D6E79D276E}.Ad-Hoc|Any CPU.Build.0 = Release|Any CPU
		{980C25D6-4BD9-4366-8EBF-54D6E79D276E}.Ad-Hoc|ARM.ActiveCfg = Debug|Any CPU
		{980C25D6-4BD9-4366-8EBF-54D6E79D276E}.Ad-Hoc|ARM.Build.0 = Debug|Any CPU
		{980C25D6-4BD9-4366-8EBF-54D6E79D276E}.Ad-Hoc|iPhone.ActiveCfg = Release|Any CPU
		{980C25D6-4BD9-4366-8EBF-54D6E79D276E}.Ad-Hoc|iPhone.Build.0 = Release|Any CPU
		{980C25D6-4BD9-4366-8EBF-54D6E79D276E}.Ad-Hoc|iPhoneSimulator.ActiveCfg = Release|Any CPU
		{980C25D6-4BD9-4366-8EBF-54D6E79D276E}.Ad-Hoc|iPhoneSimulator.Build.0 = Release|Any CPU
		{980C25D6-4BD9-4366-8EBF-54D6E79D276E}.Ad-Hoc|x86.ActiveCfg = Debug|Any CPU
		{980C25D6-4BD9-4366-8EBF-54D6E79D276E}.Ad-Hoc|x86.Build.0 = Debug|Any CPU
		{980C25D6-4BD9-4366-8EBF-54D6E79D276E}.AppStore|Any CPU.ActiveCfg = Release|Any CPU
		{980C25D6-4BD9-4366-8EBF-54D6E79D276E}.AppStore|Any CPU.Build.0 = Release|Any CPU
		{980C25D6-4BD9-4366-8EBF-54D6E79D276E}.AppStore|ARM.ActiveCfg = Debug|Any CPU
		{980C25D6-4BD9-4366-8EBF-54D6E79D276E}.AppStore|ARM.Build.0 = Debug|Any CPU
		{980C25D6-4BD9-4366-8EBF-54D6E79D276E}.AppStore|iPhone.ActiveCfg = Release|Any CPU
		{980C25D6-4BD9-4366-8EBF-54D6E79D276E}.AppStore|iPhone.Build.0 = Release|Any CPU
		{980C25D6-4BD9-4366-8EBF-54D6E79D276E}.AppStore|iPhoneSimulator.ActiveCfg = Release|Any CPU
		{980C25D6-4BD9-4366-8EBF-54D6E79D276E}.AppStore|iPhoneSimulator.Build.0 = Release|Any CPU
		{980C25D6-4BD9-4366-8EBF-54D6E79D276E}.AppStore|x86.ActiveCfg = Debug|Any CPU
		{980C25D6-4BD9-4366-8EBF-54D6E79D276E}.AppStore|x86.Build.0 = Debug|Any CPU
		{980C25D6-4BD9-4366-8EBF-54D6E79D276E}.Debug|Any CPU.ActiveCfg = Debug|Any CPU
		{980C25D6-4BD9-4366-8EBF-54D6E79D276E}.Debug|Any CPU.Build.0 = Debug|Any CPU
		{980C25D6-4BD9-4366-8EBF-54D6E79D276E}.Debug|ARM.ActiveCfg = Debug|Any CPU
		{980C25D6-4BD9-4366-8EBF-54D6E79D276E}.Debug|ARM.Build.0 = Debug|Any CPU
		{980C25D6-4BD9-4366-8EBF-54D6E79D276E}.Debug|iPhone.ActiveCfg = Debug|Any CPU
		{980C25D6-4BD9-4366-8EBF-54D6E79D276E}.Debug|iPhone.Build.0 = Debug|Any CPU
		{980C25D6-4BD9-4366-8EBF-54D6E79D276E}.Debug|iPhoneSimulator.ActiveCfg = Debug|Any CPU
		{980C25D6-4BD9-4366-8EBF-54D6E79D276E}.Debug|iPhoneSimulator.Build.0 = Debug|Any CPU
		{980C25D6-4BD9-4366-8EBF-54D6E79D276E}.Debug|x86.ActiveCfg = Debug|Any CPU
		{980C25D6-4BD9-4366-8EBF-54D6E79D276E}.Debug|x86.Build.0 = Debug|Any CPU
		{980C25D6-4BD9-4366-8EBF-54D6E79D276E}.Release|Any CPU.ActiveCfg = Release|Any CPU
		{980C25D6-4BD9-4366-8EBF-54D6E79D276E}.Release|Any CPU.Build.0 = Release|Any CPU
		{980C25D6-4BD9-4366-8EBF-54D6E79D276E}.Release|ARM.ActiveCfg = Release|Any CPU
		{980C25D6-4BD9-4366-8EBF-54D6E79D276E}.Release|ARM.Build.0 = Release|Any CPU
		{980C25D6-4BD9-4366-8EBF-54D6E79D276E}.Release|iPhone.ActiveCfg = Release|Any CPU
		{980C25D6-4BD9-4366-8EBF-54D6E79D276E}.Release|iPhone.Build.0 = Release|Any CPU
		{980C25D6-4BD9-4366-8EBF-54D6E79D276E}.Release|iPhoneSimulator.ActiveCfg = Release|Any CPU
		{980C25D6-4BD9-4366-8EBF-54D6E79D276E}.Release|iPhoneSimulator.Build.0 = Release|Any CPU
		{980C25D6-4BD9-4366-8EBF-54D6E79D276E}.Release|x86.ActiveCfg = Release|Any CPU
		{980C25D6-4BD9-4366-8EBF-54D6E79D276E}.Release|x86.Build.0 = Release|Any CPU
		{38D8FFF1-39A2-4033-9C8B-2BC2B6CC77DD}.Ad-Hoc|Any CPU.ActiveCfg = Release|Any CPU
		{38D8FFF1-39A2-4033-9C8B-2BC2B6CC77DD}.Ad-Hoc|Any CPU.Build.0 = Release|Any CPU
		{38D8FFF1-39A2-4033-9C8B-2BC2B6CC77DD}.Ad-Hoc|Any CPU.Deploy.0 = Release|Any CPU
		{38D8FFF1-39A2-4033-9C8B-2BC2B6CC77DD}.Ad-Hoc|ARM.ActiveCfg = Debug|Any CPU
		{38D8FFF1-39A2-4033-9C8B-2BC2B6CC77DD}.Ad-Hoc|ARM.Build.0 = Debug|Any CPU
		{38D8FFF1-39A2-4033-9C8B-2BC2B6CC77DD}.Ad-Hoc|ARM.Deploy.0 = Debug|Any CPU
		{38D8FFF1-39A2-4033-9C8B-2BC2B6CC77DD}.Ad-Hoc|iPhone.ActiveCfg = Release|Any CPU
		{38D8FFF1-39A2-4033-9C8B-2BC2B6CC77DD}.Ad-Hoc|iPhone.Build.0 = Release|Any CPU
		{38D8FFF1-39A2-4033-9C8B-2BC2B6CC77DD}.Ad-Hoc|iPhone.Deploy.0 = Release|Any CPU
		{38D8FFF1-39A2-4033-9C8B-2BC2B6CC77DD}.Ad-Hoc|iPhoneSimulator.ActiveCfg = Release|Any CPU
		{38D8FFF1-39A2-4033-9C8B-2BC2B6CC77DD}.Ad-Hoc|x86.ActiveCfg = Debug|Any CPU
		{38D8FFF1-39A2-4033-9C8B-2BC2B6CC77DD}.Ad-Hoc|x86.Build.0 = Debug|Any CPU
		{38D8FFF1-39A2-4033-9C8B-2BC2B6CC77DD}.Ad-Hoc|x86.Deploy.0 = Debug|Any CPU
		{38D8FFF1-39A2-4033-9C8B-2BC2B6CC77DD}.AppStore|Any CPU.ActiveCfg = Release|Any CPU
		{38D8FFF1-39A2-4033-9C8B-2BC2B6CC77DD}.AppStore|Any CPU.Build.0 = Release|Any CPU
		{38D8FFF1-39A2-4033-9C8B-2BC2B6CC77DD}.AppStore|Any CPU.Deploy.0 = Release|Any CPU
		{38D8FFF1-39A2-4033-9C8B-2BC2B6CC77DD}.AppStore|ARM.ActiveCfg = Debug|Any CPU
		{38D8FFF1-39A2-4033-9C8B-2BC2B6CC77DD}.AppStore|ARM.Build.0 = Debug|Any CPU
		{38D8FFF1-39A2-4033-9C8B-2BC2B6CC77DD}.AppStore|ARM.Deploy.0 = Debug|Any CPU
		{38D8FFF1-39A2-4033-9C8B-2BC2B6CC77DD}.AppStore|iPhone.ActiveCfg = Release|Any CPU
		{38D8FFF1-39A2-4033-9C8B-2BC2B6CC77DD}.AppStore|iPhone.Build.0 = Release|Any CPU
		{38D8FFF1-39A2-4033-9C8B-2BC2B6CC77DD}.AppStore|iPhone.Deploy.0 = Release|Any CPU
		{38D8FFF1-39A2-4033-9C8B-2BC2B6CC77DD}.AppStore|iPhoneSimulator.ActiveCfg = Release|Any CPU
		{38D8FFF1-39A2-4033-9C8B-2BC2B6CC77DD}.AppStore|iPhoneSimulator.Build.0 = Release|Any CPU
		{38D8FFF1-39A2-4033-9C8B-2BC2B6CC77DD}.AppStore|iPhoneSimulator.Deploy.0 = Release|Any CPU
		{38D8FFF1-39A2-4033-9C8B-2BC2B6CC77DD}.AppStore|x86.ActiveCfg = Debug|Any CPU
		{38D8FFF1-39A2-4033-9C8B-2BC2B6CC77DD}.AppStore|x86.Build.0 = Debug|Any CPU
		{38D8FFF1-39A2-4033-9C8B-2BC2B6CC77DD}.AppStore|x86.Deploy.0 = Debug|Any CPU
		{38D8FFF1-39A2-4033-9C8B-2BC2B6CC77DD}.Debug|Any CPU.ActiveCfg = Debug|Any CPU
		{38D8FFF1-39A2-4033-9C8B-2BC2B6CC77DD}.Debug|Any CPU.Build.0 = Debug|Any CPU
		{38D8FFF1-39A2-4033-9C8B-2BC2B6CC77DD}.Debug|Any CPU.Deploy.0 = Debug|Any CPU
		{38D8FFF1-39A2-4033-9C8B-2BC2B6CC77DD}.Debug|ARM.ActiveCfg = Debug|Any CPU
		{38D8FFF1-39A2-4033-9C8B-2BC2B6CC77DD}.Debug|ARM.Build.0 = Debug|Any CPU
		{38D8FFF1-39A2-4033-9C8B-2BC2B6CC77DD}.Debug|ARM.Deploy.0 = Debug|Any CPU
		{38D8FFF1-39A2-4033-9C8B-2BC2B6CC77DD}.Debug|iPhone.ActiveCfg = Debug|Any CPU
		{38D8FFF1-39A2-4033-9C8B-2BC2B6CC77DD}.Debug|iPhoneSimulator.ActiveCfg = Debug|Any CPU
		{38D8FFF1-39A2-4033-9C8B-2BC2B6CC77DD}.Debug|x86.ActiveCfg = Debug|Any CPU
		{38D8FFF1-39A2-4033-9C8B-2BC2B6CC77DD}.Debug|x86.Build.0 = Debug|Any CPU
		{38D8FFF1-39A2-4033-9C8B-2BC2B6CC77DD}.Debug|x86.Deploy.0 = Debug|Any CPU
		{38D8FFF1-39A2-4033-9C8B-2BC2B6CC77DD}.Release|Any CPU.ActiveCfg = Release|Any CPU
		{38D8FFF1-39A2-4033-9C8B-2BC2B6CC77DD}.Release|Any CPU.Build.0 = Release|Any CPU
		{38D8FFF1-39A2-4033-9C8B-2BC2B6CC77DD}.Release|Any CPU.Deploy.0 = Release|Any CPU
		{38D8FFF1-39A2-4033-9C8B-2BC2B6CC77DD}.Release|ARM.ActiveCfg = Release|Any CPU
		{38D8FFF1-39A2-4033-9C8B-2BC2B6CC77DD}.Release|ARM.Build.0 = Release|Any CPU
		{38D8FFF1-39A2-4033-9C8B-2BC2B6CC77DD}.Release|ARM.Deploy.0 = Release|Any CPU
		{38D8FFF1-39A2-4033-9C8B-2BC2B6CC77DD}.Release|iPhone.ActiveCfg = Release|Any CPU
		{38D8FFF1-39A2-4033-9C8B-2BC2B6CC77DD}.Release|iPhone.Build.0 = Release|Any CPU
		{38D8FFF1-39A2-4033-9C8B-2BC2B6CC77DD}.Release|iPhone.Deploy.0 = Release|Any CPU
		{38D8FFF1-39A2-4033-9C8B-2BC2B6CC77DD}.Release|iPhoneSimulator.ActiveCfg = Release|Any CPU
		{38D8FFF1-39A2-4033-9C8B-2BC2B6CC77DD}.Release|iPhoneSimulator.Build.0 = Release|Any CPU
		{38D8FFF1-39A2-4033-9C8B-2BC2B6CC77DD}.Release|iPhoneSimulator.Deploy.0 = Release|Any CPU
		{38D8FFF1-39A2-4033-9C8B-2BC2B6CC77DD}.Release|x86.ActiveCfg = Release|Any CPU
		{38D8FFF1-39A2-4033-9C8B-2BC2B6CC77DD}.Release|x86.Build.0 = Release|Any CPU
		{38D8FFF1-39A2-4033-9C8B-2BC2B6CC77DD}.Release|x86.Deploy.0 = Release|Any CPU
		{A5A83B0F-4D53-41CC-89D1-54BC835CAEAF}.Ad-Hoc|Any CPU.ActiveCfg = Release|Any CPU
		{A5A83B0F-4D53-41CC-89D1-54BC835CAEAF}.Ad-Hoc|Any CPU.Build.0 = Release|Any CPU
		{A5A83B0F-4D53-41CC-89D1-54BC835CAEAF}.Ad-Hoc|ARM.ActiveCfg = Debug|Any CPU
		{A5A83B0F-4D53-41CC-89D1-54BC835CAEAF}.Ad-Hoc|ARM.Build.0 = Debug|Any CPU
		{A5A83B0F-4D53-41CC-89D1-54BC835CAEAF}.Ad-Hoc|iPhone.ActiveCfg = Release|Any CPU
		{A5A83B0F-4D53-41CC-89D1-54BC835CAEAF}.Ad-Hoc|iPhone.Build.0 = Release|Any CPU
		{A5A83B0F-4D53-41CC-89D1-54BC835CAEAF}.Ad-Hoc|iPhoneSimulator.ActiveCfg = Release|Any CPU
		{A5A83B0F-4D53-41CC-89D1-54BC835CAEAF}.Ad-Hoc|iPhoneSimulator.Build.0 = Release|Any CPU
		{A5A83B0F-4D53-41CC-89D1-54BC835CAEAF}.Ad-Hoc|x86.ActiveCfg = Debug|Any CPU
		{A5A83B0F-4D53-41CC-89D1-54BC835CAEAF}.Ad-Hoc|x86.Build.0 = Debug|Any CPU
		{A5A83B0F-4D53-41CC-89D1-54BC835CAEAF}.AppStore|Any CPU.ActiveCfg = Release|Any CPU
		{A5A83B0F-4D53-41CC-89D1-54BC835CAEAF}.AppStore|Any CPU.Build.0 = Release|Any CPU
		{A5A83B0F-4D53-41CC-89D1-54BC835CAEAF}.AppStore|ARM.ActiveCfg = Debug|Any CPU
		{A5A83B0F-4D53-41CC-89D1-54BC835CAEAF}.AppStore|ARM.Build.0 = Debug|Any CPU
		{A5A83B0F-4D53-41CC-89D1-54BC835CAEAF}.AppStore|iPhone.ActiveCfg = Release|Any CPU
		{A5A83B0F-4D53-41CC-89D1-54BC835CAEAF}.AppStore|iPhone.Build.0 = Release|Any CPU
		{A5A83B0F-4D53-41CC-89D1-54BC835CAEAF}.AppStore|iPhoneSimulator.ActiveCfg = Release|Any CPU
		{A5A83B0F-4D53-41CC-89D1-54BC835CAEAF}.AppStore|iPhoneSimulator.Build.0 = Release|Any CPU
		{A5A83B0F-4D53-41CC-89D1-54BC835CAEAF}.AppStore|x86.ActiveCfg = Debug|Any CPU
		{A5A83B0F-4D53-41CC-89D1-54BC835CAEAF}.AppStore|x86.Build.0 = Debug|Any CPU
		{A5A83B0F-4D53-41CC-89D1-54BC835CAEAF}.Debug|Any CPU.ActiveCfg = Debug|Any CPU
		{A5A83B0F-4D53-41CC-89D1-54BC835CAEAF}.Debug|Any CPU.Build.0 = Debug|Any CPU
		{A5A83B0F-4D53-41CC-89D1-54BC835CAEAF}.Debug|ARM.ActiveCfg = Debug|Any CPU
		{A5A83B0F-4D53-41CC-89D1-54BC835CAEAF}.Debug|ARM.Build.0 = Debug|Any CPU
		{A5A83B0F-4D53-41CC-89D1-54BC835CAEAF}.Debug|iPhone.ActiveCfg = Debug|Any CPU
		{A5A83B0F-4D53-41CC-89D1-54BC835CAEAF}.Debug|iPhone.Build.0 = Debug|Any CPU
		{A5A83B0F-4D53-41CC-89D1-54BC835CAEAF}.Debug|iPhoneSimulator.ActiveCfg = Debug|Any CPU
		{A5A83B0F-4D53-41CC-89D1-54BC835CAEAF}.Debug|iPhoneSimulator.Build.0 = Debug|Any CPU
		{A5A83B0F-4D53-41CC-89D1-54BC835CAEAF}.Debug|x86.ActiveCfg = Debug|Any CPU
		{A5A83B0F-4D53-41CC-89D1-54BC835CAEAF}.Debug|x86.Build.0 = Debug|Any CPU
		{A5A83B0F-4D53-41CC-89D1-54BC835CAEAF}.Release|Any CPU.ActiveCfg = Release|Any CPU
		{A5A83B0F-4D53-41CC-89D1-54BC835CAEAF}.Release|Any CPU.Build.0 = Release|Any CPU
		{A5A83B0F-4D53-41CC-89D1-54BC835CAEAF}.Release|ARM.ActiveCfg = Release|Any CPU
		{A5A83B0F-4D53-41CC-89D1-54BC835CAEAF}.Release|ARM.Build.0 = Release|Any CPU
		{A5A83B0F-4D53-41CC-89D1-54BC835CAEAF}.Release|iPhone.ActiveCfg = Release|Any CPU
		{A5A83B0F-4D53-41CC-89D1-54BC835CAEAF}.Release|iPhone.Build.0 = Release|Any CPU
		{A5A83B0F-4D53-41CC-89D1-54BC835CAEAF}.Release|iPhoneSimulator.ActiveCfg = Release|Any CPU
		{A5A83B0F-4D53-41CC-89D1-54BC835CAEAF}.Release|iPhoneSimulator.Build.0 = Release|Any CPU
		{A5A83B0F-4D53-41CC-89D1-54BC835CAEAF}.Release|x86.ActiveCfg = Release|Any CPU
		{A5A83B0F-4D53-41CC-89D1-54BC835CAEAF}.Release|x86.Build.0 = Release|Any CPU
		{B457B402-3456-4CFE-B819-A130ED656C45}.Ad-Hoc|Any CPU.ActiveCfg = Release|Any CPU
		{B457B402-3456-4CFE-B819-A130ED656C45}.Ad-Hoc|Any CPU.Build.0 = Release|Any CPU
		{B457B402-3456-4CFE-B819-A130ED656C45}.Ad-Hoc|ARM.ActiveCfg = Debug|Any CPU
		{B457B402-3456-4CFE-B819-A130ED656C45}.Ad-Hoc|iPhone.ActiveCfg = Release|Any CPU
		{B457B402-3456-4CFE-B819-A130ED656C45}.Ad-Hoc|iPhone.Build.0 = Release|Any CPU
		{B457B402-3456-4CFE-B819-A130ED656C45}.Ad-Hoc|iPhoneSimulator.ActiveCfg = Release|Any CPU
		{B457B402-3456-4CFE-B819-A130ED656C45}.Ad-Hoc|iPhoneSimulator.Build.0 = Release|Any CPU
		{B457B402-3456-4CFE-B819-A130ED656C45}.Ad-Hoc|x86.ActiveCfg = Debug|Any CPU
		{B457B402-3456-4CFE-B819-A130ED656C45}.AppStore|Any CPU.ActiveCfg = Release|Any CPU
		{B457B402-3456-4CFE-B819-A130ED656C45}.AppStore|Any CPU.Build.0 = Release|Any CPU
		{B457B402-3456-4CFE-B819-A130ED656C45}.AppStore|ARM.ActiveCfg = Debug|Any CPU
		{B457B402-3456-4CFE-B819-A130ED656C45}.AppStore|iPhone.ActiveCfg = Release|Any CPU
		{B457B402-3456-4CFE-B819-A130ED656C45}.AppStore|iPhone.Build.0 = Release|Any CPU
		{B457B402-3456-4CFE-B819-A130ED656C45}.AppStore|iPhoneSimulator.ActiveCfg = Release|Any CPU
		{B457B402-3456-4CFE-B819-A130ED656C45}.AppStore|iPhoneSimulator.Build.0 = Release|Any CPU
		{B457B402-3456-4CFE-B819-A130ED656C45}.AppStore|x86.ActiveCfg = Debug|Any CPU
		{B457B402-3456-4CFE-B819-A130ED656C45}.Debug|Any CPU.ActiveCfg = Debug|Any CPU
		{B457B402-3456-4CFE-B819-A130ED656C45}.Debug|Any CPU.Build.0 = Debug|Any CPU
		{B457B402-3456-4CFE-B819-A130ED656C45}.Debug|ARM.ActiveCfg = Debug|Any CPU
		{B457B402-3456-4CFE-B819-A130ED656C45}.Debug|iPhone.ActiveCfg = Debug|Any CPU
		{B457B402-3456-4CFE-B819-A130ED656C45}.Debug|iPhone.Build.0 = Debug|Any CPU
		{B457B402-3456-4CFE-B819-A130ED656C45}.Debug|iPhoneSimulator.ActiveCfg = Debug|Any CPU
		{B457B402-3456-4CFE-B819-A130ED656C45}.Debug|iPhoneSimulator.Build.0 = Debug|Any CPU
		{B457B402-3456-4CFE-B819-A130ED656C45}.Debug|x86.ActiveCfg = Debug|Any CPU
		{B457B402-3456-4CFE-B819-A130ED656C45}.Release|Any CPU.ActiveCfg = Release|Any CPU
		{B457B402-3456-4CFE-B819-A130ED656C45}.Release|Any CPU.Build.0 = Release|Any CPU
		{B457B402-3456-4CFE-B819-A130ED656C45}.Release|ARM.ActiveCfg = Release|Any CPU
		{B457B402-3456-4CFE-B819-A130ED656C45}.Release|iPhone.ActiveCfg = Release|Any CPU
		{B457B402-3456-4CFE-B819-A130ED656C45}.Release|iPhone.Build.0 = Release|Any CPU
		{B457B402-3456-4CFE-B819-A130ED656C45}.Release|iPhoneSimulator.ActiveCfg = Release|Any CPU
		{B457B402-3456-4CFE-B819-A130ED656C45}.Release|iPhoneSimulator.Build.0 = Release|Any CPU
		{B457B402-3456-4CFE-B819-A130ED656C45}.Release|x86.ActiveCfg = Release|Any CPU
		{1FE2BFF6-CE34-4774-BE63-E5FD375F1597}.Ad-Hoc|Any CPU.ActiveCfg = Release|Any CPU
		{1FE2BFF6-CE34-4774-BE63-E5FD375F1597}.Ad-Hoc|Any CPU.Build.0 = Release|Any CPU
		{1FE2BFF6-CE34-4774-BE63-E5FD375F1597}.Ad-Hoc|ARM.ActiveCfg = Debug|Any CPU
		{1FE2BFF6-CE34-4774-BE63-E5FD375F1597}.Ad-Hoc|ARM.Build.0 = Debug|Any CPU
		{1FE2BFF6-CE34-4774-BE63-E5FD375F1597}.Ad-Hoc|iPhone.ActiveCfg = Release|Any CPU
		{1FE2BFF6-CE34-4774-BE63-E5FD375F1597}.Ad-Hoc|iPhone.Build.0 = Release|Any CPU
		{1FE2BFF6-CE34-4774-BE63-E5FD375F1597}.Ad-Hoc|iPhoneSimulator.ActiveCfg = Release|Any CPU
		{1FE2BFF6-CE34-4774-BE63-E5FD375F1597}.Ad-Hoc|iPhoneSimulator.Build.0 = Release|Any CPU
		{1FE2BFF6-CE34-4774-BE63-E5FD375F1597}.Ad-Hoc|x86.ActiveCfg = Debug|Any CPU
		{1FE2BFF6-CE34-4774-BE63-E5FD375F1597}.Ad-Hoc|x86.Build.0 = Debug|Any CPU
		{1FE2BFF6-CE34-4774-BE63-E5FD375F1597}.AppStore|Any CPU.ActiveCfg = Release|Any CPU
		{1FE2BFF6-CE34-4774-BE63-E5FD375F1597}.AppStore|Any CPU.Build.0 = Release|Any CPU
		{1FE2BFF6-CE34-4774-BE63-E5FD375F1597}.AppStore|ARM.ActiveCfg = Debug|Any CPU
		{1FE2BFF6-CE34-4774-BE63-E5FD375F1597}.AppStore|ARM.Build.0 = Debug|Any CPU
		{1FE2BFF6-CE34-4774-BE63-E5FD375F1597}.AppStore|iPhone.ActiveCfg = Release|Any CPU
		{1FE2BFF6-CE34-4774-BE63-E5FD375F1597}.AppStore|iPhone.Build.0 = Release|Any CPU
		{1FE2BFF6-CE34-4774-BE63-E5FD375F1597}.AppStore|iPhoneSimulator.ActiveCfg = Release|Any CPU
		{1FE2BFF6-CE34-4774-BE63-E5FD375F1597}.AppStore|iPhoneSimulator.Build.0 = Release|Any CPU
		{1FE2BFF6-CE34-4774-BE63-E5FD375F1597}.AppStore|x86.ActiveCfg = Debug|Any CPU
		{1FE2BFF6-CE34-4774-BE63-E5FD375F1597}.AppStore|x86.Build.0 = Debug|Any CPU
		{1FE2BFF6-CE34-4774-BE63-E5FD375F1597}.Debug|Any CPU.ActiveCfg = Debug|Any CPU
		{1FE2BFF6-CE34-4774-BE63-E5FD375F1597}.Debug|Any CPU.Build.0 = Debug|Any CPU
		{1FE2BFF6-CE34-4774-BE63-E5FD375F1597}.Debug|ARM.ActiveCfg = Debug|Any CPU
		{1FE2BFF6-CE34-4774-BE63-E5FD375F1597}.Debug|ARM.Build.0 = Debug|Any CPU
		{1FE2BFF6-CE34-4774-BE63-E5FD375F1597}.Debug|iPhone.ActiveCfg = Debug|Any CPU
		{1FE2BFF6-CE34-4774-BE63-E5FD375F1597}.Debug|iPhone.Build.0 = Debug|Any CPU
		{1FE2BFF6-CE34-4774-BE63-E5FD375F1597}.Debug|iPhoneSimulator.ActiveCfg = Debug|Any CPU
		{1FE2BFF6-CE34-4774-BE63-E5FD375F1597}.Debug|iPhoneSimulator.Build.0 = Debug|Any CPU
		{1FE2BFF6-CE34-4774-BE63-E5FD375F1597}.Debug|x86.ActiveCfg = Debug|Any CPU
		{1FE2BFF6-CE34-4774-BE63-E5FD375F1597}.Debug|x86.Build.0 = Debug|Any CPU
		{1FE2BFF6-CE34-4774-BE63-E5FD375F1597}.Release|Any CPU.ActiveCfg = Release|Any CPU
		{1FE2BFF6-CE34-4774-BE63-E5FD375F1597}.Release|Any CPU.Build.0 = Release|Any CPU
		{1FE2BFF6-CE34-4774-BE63-E5FD375F1597}.Release|ARM.ActiveCfg = Release|Any CPU
		{1FE2BFF6-CE34-4774-BE63-E5FD375F1597}.Release|ARM.Build.0 = Release|Any CPU
		{1FE2BFF6-CE34-4774-BE63-E5FD375F1597}.Release|iPhone.ActiveCfg = Release|Any CPU
		{1FE2BFF6-CE34-4774-BE63-E5FD375F1597}.Release|iPhone.Build.0 = Release|Any CPU
		{1FE2BFF6-CE34-4774-BE63-E5FD375F1597}.Release|iPhoneSimulator.ActiveCfg = Release|Any CPU
		{1FE2BFF6-CE34-4774-BE63-E5FD375F1597}.Release|iPhoneSimulator.Build.0 = Release|Any CPU
		{1FE2BFF6-CE34-4774-BE63-E5FD375F1597}.Release|x86.ActiveCfg = Release|Any CPU
		{1FE2BFF6-CE34-4774-BE63-E5FD375F1597}.Release|x86.Build.0 = Release|Any CPU
		{600B4AD2-BDA0-4256-9002-59B91508FF4E}.Ad-Hoc|Any CPU.ActiveCfg = Release|Any CPU
		{600B4AD2-BDA0-4256-9002-59B91508FF4E}.Ad-Hoc|Any CPU.Build.0 = Release|Any CPU
		{600B4AD2-BDA0-4256-9002-59B91508FF4E}.Ad-Hoc|ARM.ActiveCfg = Debug|Any CPU
		{600B4AD2-BDA0-4256-9002-59B91508FF4E}.Ad-Hoc|ARM.Build.0 = Debug|Any CPU
		{600B4AD2-BDA0-4256-9002-59B91508FF4E}.Ad-Hoc|iPhone.ActiveCfg = Release|Any CPU
		{600B4AD2-BDA0-4256-9002-59B91508FF4E}.Ad-Hoc|iPhone.Build.0 = Release|Any CPU
		{600B4AD2-BDA0-4256-9002-59B91508FF4E}.Ad-Hoc|iPhoneSimulator.ActiveCfg = Release|Any CPU
		{600B4AD2-BDA0-4256-9002-59B91508FF4E}.Ad-Hoc|iPhoneSimulator.Build.0 = Release|Any CPU
		{600B4AD2-BDA0-4256-9002-59B91508FF4E}.Ad-Hoc|x86.ActiveCfg = Debug|Any CPU
		{600B4AD2-BDA0-4256-9002-59B91508FF4E}.Ad-Hoc|x86.Build.0 = Debug|Any CPU
		{600B4AD2-BDA0-4256-9002-59B91508FF4E}.AppStore|Any CPU.ActiveCfg = Release|Any CPU
		{600B4AD2-BDA0-4256-9002-59B91508FF4E}.AppStore|Any CPU.Build.0 = Release|Any CPU
		{600B4AD2-BDA0-4256-9002-59B91508FF4E}.AppStore|ARM.ActiveCfg = Debug|Any CPU
		{600B4AD2-BDA0-4256-9002-59B91508FF4E}.AppStore|ARM.Build.0 = Debug|Any CPU
		{600B4AD2-BDA0-4256-9002-59B91508FF4E}.AppStore|iPhone.ActiveCfg = Release|Any CPU
		{600B4AD2-BDA0-4256-9002-59B91508FF4E}.AppStore|iPhone.Build.0 = Release|Any CPU
		{600B4AD2-BDA0-4256-9002-59B91508FF4E}.AppStore|iPhoneSimulator.ActiveCfg = Release|Any CPU
		{600B4AD2-BDA0-4256-9002-59B91508FF4E}.AppStore|iPhoneSimulator.Build.0 = Release|Any CPU
		{600B4AD2-BDA0-4256-9002-59B91508FF4E}.AppStore|x86.ActiveCfg = Debug|Any CPU
		{600B4AD2-BDA0-4256-9002-59B91508FF4E}.AppStore|x86.Build.0 = Debug|Any CPU
		{600B4AD2-BDA0-4256-9002-59B91508FF4E}.Debug|Any CPU.ActiveCfg = Debug|Any CPU
		{600B4AD2-BDA0-4256-9002-59B91508FF4E}.Debug|Any CPU.Build.0 = Debug|Any CPU
		{600B4AD2-BDA0-4256-9002-59B91508FF4E}.Debug|ARM.ActiveCfg = Debug|Any CPU
		{600B4AD2-BDA0-4256-9002-59B91508FF4E}.Debug|ARM.Build.0 = Debug|Any CPU
		{600B4AD2-BDA0-4256-9002-59B91508FF4E}.Debug|iPhone.ActiveCfg = Debug|Any CPU
		{600B4AD2-BDA0-4256-9002-59B91508FF4E}.Debug|iPhone.Build.0 = Debug|Any CPU
		{600B4AD2-BDA0-4256-9002-59B91508FF4E}.Debug|iPhoneSimulator.ActiveCfg = Debug|Any CPU
		{600B4AD2-BDA0-4256-9002-59B91508FF4E}.Debug|iPhoneSimulator.Build.0 = Debug|Any CPU
		{600B4AD2-BDA0-4256-9002-59B91508FF4E}.Debug|x86.ActiveCfg = Debug|Any CPU
		{600B4AD2-BDA0-4256-9002-59B91508FF4E}.Debug|x86.Build.0 = Debug|Any CPU
		{600B4AD2-BDA0-4256-9002-59B91508FF4E}.Release|Any CPU.ActiveCfg = Release|Any CPU
		{600B4AD2-BDA0-4256-9002-59B91508FF4E}.Release|Any CPU.Build.0 = Release|Any CPU
		{600B4AD2-BDA0-4256-9002-59B91508FF4E}.Release|ARM.ActiveCfg = Release|Any CPU
		{600B4AD2-BDA0-4256-9002-59B91508FF4E}.Release|ARM.Build.0 = Release|Any CPU
		{600B4AD2-BDA0-4256-9002-59B91508FF4E}.Release|iPhone.ActiveCfg = Release|Any CPU
		{600B4AD2-BDA0-4256-9002-59B91508FF4E}.Release|iPhone.Build.0 = Release|Any CPU
		{600B4AD2-BDA0-4256-9002-59B91508FF4E}.Release|iPhoneSimulator.ActiveCfg = Release|Any CPU
		{600B4AD2-BDA0-4256-9002-59B91508FF4E}.Release|iPhoneSimulator.Build.0 = Release|Any CPU
		{600B4AD2-BDA0-4256-9002-59B91508FF4E}.Release|x86.ActiveCfg = Release|Any CPU
		{600B4AD2-BDA0-4256-9002-59B91508FF4E}.Release|x86.Build.0 = Release|Any CPU
		{3C5F4912-DAE8-47D1-A474-927E57E4386A}.Ad-Hoc|Any CPU.ActiveCfg = Release|Any CPU
		{3C5F4912-DAE8-47D1-A474-927E57E4386A}.Ad-Hoc|Any CPU.Build.0 = Release|Any CPU
		{3C5F4912-DAE8-47D1-A474-927E57E4386A}.Ad-Hoc|ARM.ActiveCfg = Debug|Any CPU
		{3C5F4912-DAE8-47D1-A474-927E57E4386A}.Ad-Hoc|ARM.Build.0 = Debug|Any CPU
		{3C5F4912-DAE8-47D1-A474-927E57E4386A}.Ad-Hoc|iPhone.ActiveCfg = Release|Any CPU
		{3C5F4912-DAE8-47D1-A474-927E57E4386A}.Ad-Hoc|iPhone.Build.0 = Release|Any CPU
		{3C5F4912-DAE8-47D1-A474-927E57E4386A}.Ad-Hoc|iPhoneSimulator.ActiveCfg = Release|Any CPU
		{3C5F4912-DAE8-47D1-A474-927E57E4386A}.Ad-Hoc|iPhoneSimulator.Build.0 = Release|Any CPU
		{3C5F4912-DAE8-47D1-A474-927E57E4386A}.Ad-Hoc|x86.ActiveCfg = Debug|Any CPU
		{3C5F4912-DAE8-47D1-A474-927E57E4386A}.Ad-Hoc|x86.Build.0 = Debug|Any CPU
		{3C5F4912-DAE8-47D1-A474-927E57E4386A}.AppStore|Any CPU.ActiveCfg = Release|Any CPU
		{3C5F4912-DAE8-47D1-A474-927E57E4386A}.AppStore|Any CPU.Build.0 = Release|Any CPU
		{3C5F4912-DAE8-47D1-A474-927E57E4386A}.AppStore|ARM.ActiveCfg = Debug|Any CPU
		{3C5F4912-DAE8-47D1-A474-927E57E4386A}.AppStore|ARM.Build.0 = Debug|Any CPU
		{3C5F4912-DAE8-47D1-A474-927E57E4386A}.AppStore|iPhone.ActiveCfg = Release|Any CPU
		{3C5F4912-DAE8-47D1-A474-927E57E4386A}.AppStore|iPhone.Build.0 = Release|Any CPU
		{3C5F4912-DAE8-47D1-A474-927E57E4386A}.AppStore|iPhoneSimulator.ActiveCfg = Release|Any CPU
		{3C5F4912-DAE8-47D1-A474-927E57E4386A}.AppStore|iPhoneSimulator.Build.0 = Release|Any CPU
		{3C5F4912-DAE8-47D1-A474-927E57E4386A}.AppStore|x86.ActiveCfg = Debug|Any CPU
		{3C5F4912-DAE8-47D1-A474-927E57E4386A}.AppStore|x86.Build.0 = Debug|Any CPU
		{3C5F4912-DAE8-47D1-A474-927E57E4386A}.Debug|Any CPU.ActiveCfg = Debug|Any CPU
		{3C5F4912-DAE8-47D1-A474-927E57E4386A}.Debug|Any CPU.Build.0 = Debug|Any CPU
		{3C5F4912-DAE8-47D1-A474-927E57E4386A}.Debug|ARM.ActiveCfg = Debug|Any CPU
		{3C5F4912-DAE8-47D1-A474-927E57E4386A}.Debug|ARM.Build.0 = Debug|Any CPU
		{3C5F4912-DAE8-47D1-A474-927E57E4386A}.Debug|iPhone.ActiveCfg = Debug|Any CPU
		{3C5F4912-DAE8-47D1-A474-927E57E4386A}.Debug|iPhone.Build.0 = Debug|Any CPU
		{3C5F4912-DAE8-47D1-A474-927E57E4386A}.Debug|iPhoneSimulator.ActiveCfg = Debug|Any CPU
		{3C5F4912-DAE8-47D1-A474-927E57E4386A}.Debug|iPhoneSimulator.Build.0 = Debug|Any CPU
		{3C5F4912-DAE8-47D1-A474-927E57E4386A}.Debug|x86.ActiveCfg = Debug|Any CPU
		{3C5F4912-DAE8-47D1-A474-927E57E4386A}.Debug|x86.Build.0 = Debug|Any CPU
		{3C5F4912-DAE8-47D1-A474-927E57E4386A}.Release|Any CPU.ActiveCfg = Release|Any CPU
		{3C5F4912-DAE8-47D1-A474-927E57E4386A}.Release|Any CPU.Build.0 = Release|Any CPU
		{3C5F4912-DAE8-47D1-A474-927E57E4386A}.Release|ARM.ActiveCfg = Release|Any CPU
		{3C5F4912-DAE8-47D1-A474-927E57E4386A}.Release|ARM.Build.0 = Release|Any CPU
		{3C5F4912-DAE8-47D1-A474-927E57E4386A}.Release|iPhone.ActiveCfg = Release|Any CPU
		{3C5F4912-DAE8-47D1-A474-927E57E4386A}.Release|iPhone.Build.0 = Release|Any CPU
		{3C5F4912-DAE8-47D1-A474-927E57E4386A}.Release|iPhoneSimulator.ActiveCfg = Release|Any CPU
		{3C5F4912-DAE8-47D1-A474-927E57E4386A}.Release|iPhoneSimulator.Build.0 = Release|Any CPU
		{3C5F4912-DAE8-47D1-A474-927E57E4386A}.Release|x86.ActiveCfg = Release|Any CPU
		{3C5F4912-DAE8-47D1-A474-927E57E4386A}.Release|x86.Build.0 = Release|Any CPU
		{933A30C0-E4C3-427F-8B99-C7411D9B129D}.Ad-Hoc|Any CPU.ActiveCfg = Release|Any CPU
		{933A30C0-E4C3-427F-8B99-C7411D9B129D}.Ad-Hoc|Any CPU.Build.0 = Release|Any CPU
		{933A30C0-E4C3-427F-8B99-C7411D9B129D}.Ad-Hoc|ARM.ActiveCfg = Release|Any CPU
		{933A30C0-E4C3-427F-8B99-C7411D9B129D}.Ad-Hoc|ARM.Build.0 = Release|Any CPU
		{933A30C0-E4C3-427F-8B99-C7411D9B129D}.Ad-Hoc|iPhone.ActiveCfg = Release|Any CPU
		{933A30C0-E4C3-427F-8B99-C7411D9B129D}.Ad-Hoc|iPhone.Build.0 = Release|Any CPU
		{933A30C0-E4C3-427F-8B99-C7411D9B129D}.Ad-Hoc|iPhoneSimulator.ActiveCfg = Release|Any CPU
		{933A30C0-E4C3-427F-8B99-C7411D9B129D}.Ad-Hoc|iPhoneSimulator.Build.0 = Release|Any CPU
		{933A30C0-E4C3-427F-8B99-C7411D9B129D}.Ad-Hoc|x86.ActiveCfg = Release|Any CPU
		{933A30C0-E4C3-427F-8B99-C7411D9B129D}.Ad-Hoc|x86.Build.0 = Release|Any CPU
		{933A30C0-E4C3-427F-8B99-C7411D9B129D}.AppStore|Any CPU.ActiveCfg = Release|Any CPU
		{933A30C0-E4C3-427F-8B99-C7411D9B129D}.AppStore|Any CPU.Build.0 = Release|Any CPU
		{933A30C0-E4C3-427F-8B99-C7411D9B129D}.AppStore|ARM.ActiveCfg = Release|Any CPU
		{933A30C0-E4C3-427F-8B99-C7411D9B129D}.AppStore|ARM.Build.0 = Release|Any CPU
		{933A30C0-E4C3-427F-8B99-C7411D9B129D}.AppStore|iPhone.ActiveCfg = Release|Any CPU
		{933A30C0-E4C3-427F-8B99-C7411D9B129D}.AppStore|iPhone.Build.0 = Release|Any CPU
		{933A30C0-E4C3-427F-8B99-C7411D9B129D}.AppStore|iPhoneSimulator.ActiveCfg = Release|Any CPU
		{933A30C0-E4C3-427F-8B99-C7411D9B129D}.AppStore|iPhoneSimulator.Build.0 = Release|Any CPU
		{933A30C0-E4C3-427F-8B99-C7411D9B129D}.AppStore|x86.ActiveCfg = Release|Any CPU
		{933A30C0-E4C3-427F-8B99-C7411D9B129D}.AppStore|x86.Build.0 = Release|Any CPU
		{933A30C0-E4C3-427F-8B99-C7411D9B129D}.Debug|Any CPU.ActiveCfg = Debug|Any CPU
		{933A30C0-E4C3-427F-8B99-C7411D9B129D}.Debug|Any CPU.Build.0 = Debug|Any CPU
		{933A30C0-E4C3-427F-8B99-C7411D9B129D}.Debug|ARM.ActiveCfg = Debug|Any CPU
		{933A30C0-E4C3-427F-8B99-C7411D9B129D}.Debug|ARM.Build.0 = Debug|Any CPU
		{933A30C0-E4C3-427F-8B99-C7411D9B129D}.Debug|iPhone.ActiveCfg = Debug|Any CPU
		{933A30C0-E4C3-427F-8B99-C7411D9B129D}.Debug|iPhone.Build.0 = Debug|Any CPU
		{933A30C0-E4C3-427F-8B99-C7411D9B129D}.Debug|iPhoneSimulator.ActiveCfg = Debug|Any CPU
		{933A30C0-E4C3-427F-8B99-C7411D9B129D}.Debug|iPhoneSimulator.Build.0 = Debug|Any CPU
		{933A30C0-E4C3-427F-8B99-C7411D9B129D}.Debug|x86.ActiveCfg = Debug|Any CPU
		{933A30C0-E4C3-427F-8B99-C7411D9B129D}.Debug|x86.Build.0 = Debug|Any CPU
		{933A30C0-E4C3-427F-8B99-C7411D9B129D}.Release|Any CPU.ActiveCfg = Release|Any CPU
		{933A30C0-E4C3-427F-8B99-C7411D9B129D}.Release|Any CPU.Build.0 = Release|Any CPU
		{933A30C0-E4C3-427F-8B99-C7411D9B129D}.Release|ARM.ActiveCfg = Release|Any CPU
		{933A30C0-E4C3-427F-8B99-C7411D9B129D}.Release|ARM.Build.0 = Release|Any CPU
		{933A30C0-E4C3-427F-8B99-C7411D9B129D}.Release|iPhone.ActiveCfg = Release|Any CPU
		{933A30C0-E4C3-427F-8B99-C7411D9B129D}.Release|iPhone.Build.0 = Release|Any CPU
		{933A30C0-E4C3-427F-8B99-C7411D9B129D}.Release|iPhoneSimulator.ActiveCfg = Release|Any CPU
		{933A30C0-E4C3-427F-8B99-C7411D9B129D}.Release|iPhoneSimulator.Build.0 = Release|Any CPU
		{933A30C0-E4C3-427F-8B99-C7411D9B129D}.Release|x86.ActiveCfg = Release|Any CPU
		{933A30C0-E4C3-427F-8B99-C7411D9B129D}.Release|x86.Build.0 = Release|Any CPU
		{8F093C79-E5A1-4D50-8812-B282B72680C9}.Ad-Hoc|Any CPU.ActiveCfg = Release|Any CPU
		{8F093C79-E5A1-4D50-8812-B282B72680C9}.Ad-Hoc|Any CPU.Build.0 = Release|Any CPU
		{8F093C79-E5A1-4D50-8812-B282B72680C9}.Ad-Hoc|ARM.ActiveCfg = Release|Any CPU
		{8F093C79-E5A1-4D50-8812-B282B72680C9}.Ad-Hoc|ARM.Build.0 = Release|Any CPU
		{8F093C79-E5A1-4D50-8812-B282B72680C9}.Ad-Hoc|iPhone.ActiveCfg = Release|Any CPU
		{8F093C79-E5A1-4D50-8812-B282B72680C9}.Ad-Hoc|iPhone.Build.0 = Release|Any CPU
		{8F093C79-E5A1-4D50-8812-B282B72680C9}.Ad-Hoc|iPhoneSimulator.ActiveCfg = Release|Any CPU
		{8F093C79-E5A1-4D50-8812-B282B72680C9}.Ad-Hoc|iPhoneSimulator.Build.0 = Release|Any CPU
		{8F093C79-E5A1-4D50-8812-B282B72680C9}.Ad-Hoc|x86.ActiveCfg = Release|Any CPU
		{8F093C79-E5A1-4D50-8812-B282B72680C9}.Ad-Hoc|x86.Build.0 = Release|Any CPU
		{8F093C79-E5A1-4D50-8812-B282B72680C9}.AppStore|Any CPU.ActiveCfg = Release|Any CPU
		{8F093C79-E5A1-4D50-8812-B282B72680C9}.AppStore|Any CPU.Build.0 = Release|Any CPU
		{8F093C79-E5A1-4D50-8812-B282B72680C9}.AppStore|ARM.ActiveCfg = Release|Any CPU
		{8F093C79-E5A1-4D50-8812-B282B72680C9}.AppStore|ARM.Build.0 = Release|Any CPU
		{8F093C79-E5A1-4D50-8812-B282B72680C9}.AppStore|iPhone.ActiveCfg = Release|Any CPU
		{8F093C79-E5A1-4D50-8812-B282B72680C9}.AppStore|iPhone.Build.0 = Release|Any CPU
		{8F093C79-E5A1-4D50-8812-B282B72680C9}.AppStore|iPhoneSimulator.ActiveCfg = Release|Any CPU
		{8F093C79-E5A1-4D50-8812-B282B72680C9}.AppStore|iPhoneSimulator.Build.0 = Release|Any CPU
		{8F093C79-E5A1-4D50-8812-B282B72680C9}.AppStore|x86.ActiveCfg = Release|Any CPU
		{8F093C79-E5A1-4D50-8812-B282B72680C9}.AppStore|x86.Build.0 = Release|Any CPU
		{8F093C79-E5A1-4D50-8812-B282B72680C9}.Debug|Any CPU.ActiveCfg = Debug|Any CPU
		{8F093C79-E5A1-4D50-8812-B282B72680C9}.Debug|Any CPU.Build.0 = Debug|Any CPU
		{8F093C79-E5A1-4D50-8812-B282B72680C9}.Debug|ARM.ActiveCfg = Debug|Any CPU
		{8F093C79-E5A1-4D50-8812-B282B72680C9}.Debug|ARM.Build.0 = Debug|Any CPU
		{8F093C79-E5A1-4D50-8812-B282B72680C9}.Debug|iPhone.ActiveCfg = Debug|Any CPU
		{8F093C79-E5A1-4D50-8812-B282B72680C9}.Debug|iPhone.Build.0 = Debug|Any CPU
		{8F093C79-E5A1-4D50-8812-B282B72680C9}.Debug|iPhoneSimulator.ActiveCfg = Debug|Any CPU
		{8F093C79-E5A1-4D50-8812-B282B72680C9}.Debug|iPhoneSimulator.Build.0 = Debug|Any CPU
		{8F093C79-E5A1-4D50-8812-B282B72680C9}.Debug|x86.ActiveCfg = Debug|Any CPU
		{8F093C79-E5A1-4D50-8812-B282B72680C9}.Debug|x86.Build.0 = Debug|Any CPU
		{8F093C79-E5A1-4D50-8812-B282B72680C9}.Release|Any CPU.ActiveCfg = Release|Any CPU
		{8F093C79-E5A1-4D50-8812-B282B72680C9}.Release|Any CPU.Build.0 = Release|Any CPU
		{8F093C79-E5A1-4D50-8812-B282B72680C9}.Release|ARM.ActiveCfg = Release|Any CPU
		{8F093C79-E5A1-4D50-8812-B282B72680C9}.Release|ARM.Build.0 = Release|Any CPU
		{8F093C79-E5A1-4D50-8812-B282B72680C9}.Release|iPhone.ActiveCfg = Release|Any CPU
		{8F093C79-E5A1-4D50-8812-B282B72680C9}.Release|iPhone.Build.0 = Release|Any CPU
		{8F093C79-E5A1-4D50-8812-B282B72680C9}.Release|iPhoneSimulator.ActiveCfg = Release|Any CPU
		{8F093C79-E5A1-4D50-8812-B282B72680C9}.Release|iPhoneSimulator.Build.0 = Release|Any CPU
		{8F093C79-E5A1-4D50-8812-B282B72680C9}.Release|x86.ActiveCfg = Release|Any CPU
		{8F093C79-E5A1-4D50-8812-B282B72680C9}.Release|x86.Build.0 = Release|Any CPU
		{FCB3DC23-C690-46B4-A840-78C2707146F3}.Ad-Hoc|Any CPU.ActiveCfg = Debug|Any CPU
		{FCB3DC23-C690-46B4-A840-78C2707146F3}.Ad-Hoc|Any CPU.Build.0 = Debug|Any CPU
		{FCB3DC23-C690-46B4-A840-78C2707146F3}.Ad-Hoc|Any CPU.Deploy.0 = Debug|Any CPU
		{FCB3DC23-C690-46B4-A840-78C2707146F3}.Ad-Hoc|ARM.ActiveCfg = Debug|Any CPU
		{FCB3DC23-C690-46B4-A840-78C2707146F3}.Ad-Hoc|ARM.Build.0 = Debug|Any CPU
		{FCB3DC23-C690-46B4-A840-78C2707146F3}.Ad-Hoc|ARM.Deploy.0 = Debug|Any CPU
		{FCB3DC23-C690-46B4-A840-78C2707146F3}.Ad-Hoc|iPhone.ActiveCfg = Debug|Any CPU
		{FCB3DC23-C690-46B4-A840-78C2707146F3}.Ad-Hoc|iPhone.Build.0 = Debug|Any CPU
		{FCB3DC23-C690-46B4-A840-78C2707146F3}.Ad-Hoc|iPhone.Deploy.0 = Debug|Any CPU
		{FCB3DC23-C690-46B4-A840-78C2707146F3}.Ad-Hoc|iPhoneSimulator.ActiveCfg = Debug|Any CPU
		{FCB3DC23-C690-46B4-A840-78C2707146F3}.Ad-Hoc|iPhoneSimulator.Build.0 = Debug|Any CPU
		{FCB3DC23-C690-46B4-A840-78C2707146F3}.Ad-Hoc|iPhoneSimulator.Deploy.0 = Debug|Any CPU
		{FCB3DC23-C690-46B4-A840-78C2707146F3}.Ad-Hoc|x86.ActiveCfg = Debug|Any CPU
		{FCB3DC23-C690-46B4-A840-78C2707146F3}.Ad-Hoc|x86.Build.0 = Debug|Any CPU
		{FCB3DC23-C690-46B4-A840-78C2707146F3}.Ad-Hoc|x86.Deploy.0 = Debug|Any CPU
		{FCB3DC23-C690-46B4-A840-78C2707146F3}.AppStore|Any CPU.ActiveCfg = Debug|Any CPU
		{FCB3DC23-C690-46B4-A840-78C2707146F3}.AppStore|Any CPU.Build.0 = Debug|Any CPU
		{FCB3DC23-C690-46B4-A840-78C2707146F3}.AppStore|Any CPU.Deploy.0 = Debug|Any CPU
		{FCB3DC23-C690-46B4-A840-78C2707146F3}.AppStore|ARM.ActiveCfg = Debug|Any CPU
		{FCB3DC23-C690-46B4-A840-78C2707146F3}.AppStore|ARM.Build.0 = Debug|Any CPU
		{FCB3DC23-C690-46B4-A840-78C2707146F3}.AppStore|ARM.Deploy.0 = Debug|Any CPU
		{FCB3DC23-C690-46B4-A840-78C2707146F3}.AppStore|iPhone.ActiveCfg = Debug|Any CPU
		{FCB3DC23-C690-46B4-A840-78C2707146F3}.AppStore|iPhone.Build.0 = Debug|Any CPU
		{FCB3DC23-C690-46B4-A840-78C2707146F3}.AppStore|iPhone.Deploy.0 = Debug|Any CPU
		{FCB3DC23-C690-46B4-A840-78C2707146F3}.AppStore|iPhoneSimulator.ActiveCfg = Debug|Any CPU
		{FCB3DC23-C690-46B4-A840-78C2707146F3}.AppStore|iPhoneSimulator.Build.0 = Debug|Any CPU
		{FCB3DC23-C690-46B4-A840-78C2707146F3}.AppStore|iPhoneSimulator.Deploy.0 = Debug|Any CPU
		{FCB3DC23-C690-46B4-A840-78C2707146F3}.AppStore|x86.ActiveCfg = Debug|Any CPU
		{FCB3DC23-C690-46B4-A840-78C2707146F3}.AppStore|x86.Build.0 = Debug|Any CPU
		{FCB3DC23-C690-46B4-A840-78C2707146F3}.AppStore|x86.Deploy.0 = Debug|Any CPU
		{FCB3DC23-C690-46B4-A840-78C2707146F3}.Debug|Any CPU.ActiveCfg = Debug|Any CPU
		{FCB3DC23-C690-46B4-A840-78C2707146F3}.Debug|Any CPU.Build.0 = Debug|Any CPU
		{FCB3DC23-C690-46B4-A840-78C2707146F3}.Debug|Any CPU.Deploy.0 = Debug|Any CPU
		{FCB3DC23-C690-46B4-A840-78C2707146F3}.Debug|ARM.ActiveCfg = Debug|Any CPU
		{FCB3DC23-C690-46B4-A840-78C2707146F3}.Debug|ARM.Build.0 = Debug|Any CPU
		{FCB3DC23-C690-46B4-A840-78C2707146F3}.Debug|ARM.Deploy.0 = Debug|Any CPU
		{FCB3DC23-C690-46B4-A840-78C2707146F3}.Debug|iPhone.ActiveCfg = Debug|Any CPU
		{FCB3DC23-C690-46B4-A840-78C2707146F3}.Debug|iPhoneSimulator.ActiveCfg = Debug|Any CPU
		{FCB3DC23-C690-46B4-A840-78C2707146F3}.Debug|x86.ActiveCfg = Debug|Any CPU
		{FCB3DC23-C690-46B4-A840-78C2707146F3}.Debug|x86.Build.0 = Debug|Any CPU
		{FCB3DC23-C690-46B4-A840-78C2707146F3}.Debug|x86.Deploy.0 = Debug|Any CPU
		{FCB3DC23-C690-46B4-A840-78C2707146F3}.Release|Any CPU.ActiveCfg = Release|Any CPU
		{FCB3DC23-C690-46B4-A840-78C2707146F3}.Release|Any CPU.Build.0 = Release|Any CPU
		{FCB3DC23-C690-46B4-A840-78C2707146F3}.Release|Any CPU.Deploy.0 = Release|Any CPU
		{FCB3DC23-C690-46B4-A840-78C2707146F3}.Release|ARM.ActiveCfg = Release|Any CPU
		{FCB3DC23-C690-46B4-A840-78C2707146F3}.Release|ARM.Build.0 = Release|Any CPU
		{FCB3DC23-C690-46B4-A840-78C2707146F3}.Release|ARM.Deploy.0 = Release|Any CPU
		{FCB3DC23-C690-46B4-A840-78C2707146F3}.Release|iPhone.ActiveCfg = Release|Any CPU
		{FCB3DC23-C690-46B4-A840-78C2707146F3}.Release|iPhone.Build.0 = Release|Any CPU
		{FCB3DC23-C690-46B4-A840-78C2707146F3}.Release|iPhone.Deploy.0 = Release|Any CPU
		{FCB3DC23-C690-46B4-A840-78C2707146F3}.Release|iPhoneSimulator.ActiveCfg = Release|Any CPU
		{FCB3DC23-C690-46B4-A840-78C2707146F3}.Release|iPhoneSimulator.Build.0 = Release|Any CPU
		{FCB3DC23-C690-46B4-A840-78C2707146F3}.Release|iPhoneSimulator.Deploy.0 = Release|Any CPU
		{FCB3DC23-C690-46B4-A840-78C2707146F3}.Release|x86.ActiveCfg = Release|Any CPU
		{FCB3DC23-C690-46B4-A840-78C2707146F3}.Release|x86.Build.0 = Release|Any CPU
		{FCB3DC23-C690-46B4-A840-78C2707146F3}.Release|x86.Deploy.0 = Release|Any CPU
		{B6BB8055-8CF9-4125-BBC4-42EEFDBA2748}.Ad-Hoc|Any CPU.ActiveCfg = Ad-Hoc|iPhone
		{B6BB8055-8CF9-4125-BBC4-42EEFDBA2748}.Ad-Hoc|ARM.ActiveCfg = Ad-Hoc|iPhone
		{B6BB8055-8CF9-4125-BBC4-42EEFDBA2748}.Ad-Hoc|iPhone.ActiveCfg = Ad-Hoc|iPhone
		{B6BB8055-8CF9-4125-BBC4-42EEFDBA2748}.Ad-Hoc|iPhone.Build.0 = Ad-Hoc|iPhone
		{B6BB8055-8CF9-4125-BBC4-42EEFDBA2748}.Ad-Hoc|iPhoneSimulator.ActiveCfg = Ad-Hoc|iPhoneSimulator
		{B6BB8055-8CF9-4125-BBC4-42EEFDBA2748}.Ad-Hoc|iPhoneSimulator.Build.0 = Ad-Hoc|iPhoneSimulator
		{B6BB8055-8CF9-4125-BBC4-42EEFDBA2748}.Ad-Hoc|x86.ActiveCfg = Ad-Hoc|iPhone
		{B6BB8055-8CF9-4125-BBC4-42EEFDBA2748}.AppStore|Any CPU.ActiveCfg = AppStore|iPhone
		{B6BB8055-8CF9-4125-BBC4-42EEFDBA2748}.AppStore|ARM.ActiveCfg = AppStore|iPhone
		{B6BB8055-8CF9-4125-BBC4-42EEFDBA2748}.AppStore|iPhone.ActiveCfg = AppStore|iPhone
		{B6BB8055-8CF9-4125-BBC4-42EEFDBA2748}.AppStore|iPhone.Build.0 = AppStore|iPhone
		{B6BB8055-8CF9-4125-BBC4-42EEFDBA2748}.AppStore|iPhoneSimulator.ActiveCfg = AppStore|iPhoneSimulator
		{B6BB8055-8CF9-4125-BBC4-42EEFDBA2748}.AppStore|iPhoneSimulator.Build.0 = AppStore|iPhoneSimulator
		{B6BB8055-8CF9-4125-BBC4-42EEFDBA2748}.AppStore|x86.ActiveCfg = AppStore|iPhone
		{B6BB8055-8CF9-4125-BBC4-42EEFDBA2748}.Debug|Any CPU.ActiveCfg = Debug|iPhone
		{B6BB8055-8CF9-4125-BBC4-42EEFDBA2748}.Debug|ARM.ActiveCfg = Debug|iPhone
		{B6BB8055-8CF9-4125-BBC4-42EEFDBA2748}.Debug|iPhone.ActiveCfg = Debug|iPhone
		{B6BB8055-8CF9-4125-BBC4-42EEFDBA2748}.Debug|iPhone.Build.0 = Debug|iPhone
		{B6BB8055-8CF9-4125-BBC4-42EEFDBA2748}.Debug|iPhoneSimulator.ActiveCfg = Debug|iPhoneSimulator
		{B6BB8055-8CF9-4125-BBC4-42EEFDBA2748}.Debug|iPhoneSimulator.Build.0 = Debug|iPhoneSimulator
		{B6BB8055-8CF9-4125-BBC4-42EEFDBA2748}.Debug|x86.ActiveCfg = Debug|iPhone
		{B6BB8055-8CF9-4125-BBC4-42EEFDBA2748}.Release|Any CPU.ActiveCfg = Release|iPhone
		{B6BB8055-8CF9-4125-BBC4-42EEFDBA2748}.Release|ARM.ActiveCfg = Release|iPhone
		{B6BB8055-8CF9-4125-BBC4-42EEFDBA2748}.Release|iPhone.ActiveCfg = Release|iPhone
		{B6BB8055-8CF9-4125-BBC4-42EEFDBA2748}.Release|iPhone.Build.0 = Release|iPhone
		{B6BB8055-8CF9-4125-BBC4-42EEFDBA2748}.Release|iPhoneSimulator.ActiveCfg = Release|iPhoneSimulator
		{B6BB8055-8CF9-4125-BBC4-42EEFDBA2748}.Release|iPhoneSimulator.Build.0 = Release|iPhoneSimulator
		{B6BB8055-8CF9-4125-BBC4-42EEFDBA2748}.Release|x86.ActiveCfg = Release|iPhone
	EndGlobalSection
	GlobalSection(SolutionProperties) = preSolution
		HideSolutionNode = FALSE
	EndGlobalSection
	GlobalSection(ExtensibilityGlobals) = postSolution
		SolutionGuid = {4FF8ABFC-41F5-4F42-A16E-5279E2036311}
	EndGlobalSection
EndGlobal
